
Microsoft Visual Studio Solution File, Format Version 12.00
# Visual Studio Version 16
VisualStudioVersion = 16.0.31424.327
MinimumVisualStudioVersion = 10.0.40219.1
Project("{FAE04EC0-301F-11D3-BF4B-00C04F79EFBC}") = "md02_CadernoExercicios_02", "md02_CadernoExercicios_02.csproj", "{7E10E094-B4A7-4328-96AD-56FB8051A975}"
EndProject
Global
	GlobalSection(SolutionConfigurationPlatforms) = preSolution
		Debug|Any CPU = Debug|Any CPU
		Release|Any CPU = Release|Any CPU
	EndGlobalSection
	GlobalSection(ProjectConfigurationPlatforms) = postSolution
		{7E10E094-B4A7-4328-96AD-56FB8051A975}.Debug|Any CPU.ActiveCfg = Debug|Any CPU
		{7E10E094-B4A7-4328-96AD-56FB8051A975}.Debug|Any CPU.Build.0 = Debug|Any CPU
		{7E10E094-B4A7-4328-96AD-56FB8051A975}.Release|Any CPU.ActiveCfg = Release|Any CPU
		{7E10E094-B4A7-4328-96AD-56FB8051A975}.Release|Any CPU.Build.0 = Release|Any CPU
	EndGlobalSection
	GlobalSection(SolutionProperties) = preSolution
		HideSolutionNode = FALSE
	EndGlobalSection
	GlobalSection(ExtensibilityGlobals) = postSolution
		SolutionGuid = {E25E12F8-CA5A-490B-9F1A-B71ABF06923E}
	EndGlobalSection
EndGlobal
